PODS:
  - JBChartView (2.8.16)
  - Realm (0.96.2):
    - Realm/Headers (= 0.96.2)
  - Realm/Headers (0.96.2)
  - RealmSwift (0.96.2):
    - Realm (= 0.96.2)
  - ResearchKit (1.1.2)
  - SVProgressHUD (1.1.3)
  - SwiftKeychainWrapper (1.0.11)
  - SwiftyJSON (2.3.1)

DEPENDENCIES:
  - JBChartView
  - RealmSwift
  - ResearchKit (~> 1.1.2)
  - SVProgressHUD
  - SwiftKeychainWrapper
  - SwiftyJSON (from `https://github.com/SwiftyJSON/SwiftyJSON.git`)

EXTERNAL SOURCES:
  SwiftyJSON:
    :git: https://github.com/SwiftyJSON/SwiftyJSON.git

CHECKOUT OPTIONS:
  SwiftyJSON:
    :commit: 10f67900bdf2fb0faba3371249a6fefdcaa880c5
    :git: https://github.com/SwiftyJSON/SwiftyJSON.git

SPEC CHECKSUMS:
  JBChartView: 8e65b7fbb4e7f1f2c0197575734fce4af1c19e17
  Realm: 3ce8448151c571e90b85002d984d7f93f54fc8a3
  RealmSwift: 485599fe54e35461c4a0daa7d01d8fbf11424873
  ResearchKit: db2c5ff1dfe851cec9183b7c3dbc93d7373e6880
  SVProgressHUD: 748080e4f36e603f6c02aec292664239df5279c1
  SwiftKeychainWrapper: 011a6946923948ffa49708014dd691164d7621d1
  SwiftyJSON: 592b53bee5ef3dd9b3bebc6b9cb7ee35426ae8c3

PODFILE CHECKSUM: 771b9da230a100d924cc64931fd872bd8e3cafcf

COCOAPODS: 1.2.1
