PODS:
  - Bolts/Tasks (1.9.0)
  - Buglife (2.8.1)
  - CareKit (1.2.1)
  - JBChartView (3.0.13)
  - Parse (1.17.1):
    - Parse/Core (= 1.17.1)
  - Parse/Core (1.17.1):
    - Bolts/Tasks (~> 1.9)
  - Realm (3.11.0):
    - Realm/Headers (= 3.11.0)
  - Realm/Headers (3.11.0)
  - RealmSwift (3.11.0):
    - Realm (= 3.11.0)
  - ResearchKit (1.5.2)
  - SVProgressHUD (2.2.5)
  - SwiftKeychainWrapper (3.0.1)
  - SwiftyJSON (4.2.0)

DEPENDENCIES:
  - Buglife
  - CareKit
  - JBChartView
  - Parse
  - RealmSwift
  - ResearchKit
  - SVProgressHUD
  - SwiftKeychainWrapper
  - SwiftyJSON (from `https://github.com/SwiftyJSON/SwiftyJSON.git`)

SPEC REPOS:
  https://github.com/CocoaPods/Specs.git:
    - Bolts
    - Buglife
    - CareKit
    - JBChartView
    - Parse
    - Realm
    - RealmSwift
    - ResearchKit
    - SVProgressHUD
    - SwiftKeychainWrapper

EXTERNAL SOURCES:
  SwiftyJSON:
    :git: https://github.com/SwiftyJSON/SwiftyJSON.git

CHECKOUT OPTIONS:
  SwiftyJSON:
    :commit: 3f6f1d32df6e5f334593682b20bb829e48bffbee
    :git: https://github.com/SwiftyJSON/SwiftyJSON.git

SPEC CHECKSUMS:
  Bolts: ac6567323eac61e203f6a9763667d0f711be34c8
  Buglife: cbf83ab8a0e203a76ee640b24c2e3c3cae9f2c8a
  CareKit: aa0c8a57c1a2d7cfb46ff3981fe1503f02ca302e
  JBChartView: ea240dca7b83a92f47d4ae766beb3714753988a1
  Parse: d3edaf8c7c722cb33cb83ba7821d015ae32d362d
  Realm: 92f09a102692b96a9a10e9617f214f15c5ab85fc
  RealmSwift: 5f0481cd658bb751c509314b964a35eaa264d2cf
  ResearchKit: a5770681dd61afddd3d1f24d232b9abf00cba454
  SVProgressHUD: 1428aafac632c1f86f62aa4243ec12008d7a51d6
  SwiftKeychainWrapper: 38952a3636320ae61bad3513cadd870929de7a4a
  SwiftyJSON: c4bcba26dd9ec7a027fc8eade48e2c911f229e96

PODFILE CHECKSUM: 22257830a9dfde18107e273f5d5479d1cba0197a

COCOAPODS: 1.5.0
