PODS:
  - Buglife (2.1.0)
  - CareKit (1.2.1)
  - JBChartView (3.0.13)
  - Realm (2.9.1):
    - Realm/Headers (= 2.9.1)
  - Realm/Headers (2.9.1)
  - RealmSwift (2.9.1):
    - Realm (= 2.9.1)
  - ResearchKit (1.5.2)
  - ScrollableGraphView (4.0.4)
  - SVProgressHUD (2.1.2)
  - SwiftKeychainWrapper (3.0.1)
  - SwiftyJSON (3.1.4)

DEPENDENCIES:
  - Buglife
  - CareKit
  - JBChartView
  - RealmSwift
  - ResearchKit (~> 1.0)
  - ScrollableGraphView
  - SVProgressHUD
  - SwiftKeychainWrapper
  - SwiftyJSON (from `https://github.com/SwiftyJSON/SwiftyJSON.git`)

EXTERNAL SOURCES:
  SwiftyJSON:
    :git: https://github.com/SwiftyJSON/SwiftyJSON.git

CHECKOUT OPTIONS:
  SwiftyJSON:
    :commit: ebc305b69ecca005b636f20e0db4d07d19d333fa
    :git: https://github.com/SwiftyJSON/SwiftyJSON.git

SPEC CHECKSUMS:
  Buglife: cbc7c0c86393fc7db7b7be9fed846b5f26c00a6a
  CareKit: aa0c8a57c1a2d7cfb46ff3981fe1503f02ca302e
  JBChartView: ea240dca7b83a92f47d4ae766beb3714753988a1
  Realm: f91fb43bd474c4f731a116ebf7392c75dd015920
  RealmSwift: 207f12a4a36b696c5183c60a1c06d70234a23e56
  ResearchKit: a5770681dd61afddd3d1f24d232b9abf00cba454
  ScrollableGraphView: 072ea302f4ca27779692656a49d51fe537b2b1e7
  SVProgressHUD: c404a55d78acbeb7ebb78b76d3faf986475a6994
  SwiftKeychainWrapper: 38952a3636320ae61bad3513cadd870929de7a4a
  SwiftyJSON: 05cf0e98a950e2ba343735264f5a96b81e755d00

PODFILE CHECKSUM: 425912ba2ea00e2304dabc07d44e67b0173f58ca

COCOAPODS: 1.4.0
